
Microsoft Visual Studio Solution File, Format Version 12.00
# Visual Studio 15
VisualStudioVersion = 15.0.27428.2015
MinimumVisualStudioVersion = 10.0.40219.1
Project("{8BC9CEB8-8B4A-11D0-8D11-00A0C91BC942}") = "bai1", "HaQuocTien-17521122\HaQuocTien-17521122.vcxproj", "{BC842FFF-585F-46A9-929E-A1F7DF83F86E}"
EndProject
Project("{8BC9CEB8-8B4A-11D0-8D11-00A0C91BC942}") = "bai2", "bai2\bai2.vcxproj", "{5E381786-D80E-4D40-BB81-D0C397D7F34B}"
EndProject
Project("{8BC9CEB8-8B4A-11D0-8D11-00A0C91BC942}") = "bai3", "bai3\bai3.vcxproj", "{B1F09046-A87E-4075-AC28-ECCD95C4DBAC}"
EndProject
Global
	GlobalSection(SolutionConfigurationPlatforms) = preSolution
		Debug|x64 = Debug|x64
		Debug|x86 = Debug|x86
		Release|x64 = Release|x64
		Release|x86 = Release|x86
	EndGlobalSection
	GlobalSection(ProjectConfigurationPlatforms) = postSolution
		{BC842FFF-585F-46A9-929E-A1F7DF83F86E}.Debug|x64.ActiveCfg = Debug|x64
		{BC842FFF-585F-46A9-929E-A1F7DF83F86E}.Debug|x64.Build.0 = Debug|x64
		{BC842FFF-585F-46A9-929E-A1F7DF83F86E}.Debug|x86.ActiveCfg = Debug|Win32
		{BC842FFF-585F-46A9-929E-A1F7DF83F86E}.Debug|x86.Build.0 = Debug|Win32
		{BC842FFF-585F-46A9-929E-A1F7DF83F86E}.Release|x64.ActiveCfg = Release|x64
		{BC842FFF-585F-46A9-929E-A1F7DF83F86E}.Release|x64.Build.0 = Release|x64
		{BC842FFF-585F-46A9-929E-A1F7DF83F86E}.Release|x86.ActiveCfg = Release|Win32
		{BC842FFF-585F-46A9-929E-A1F7DF83F86E}.Release|x86.Build.0 = Release|Win32
		{5E381786-D80E-4D40-BB81-D0C397D7F34B}.Debug|x64.ActiveCfg = Debug|x64
		{5E381786-D80E-4D40-BB81-D0C397D7F34B}.Debug|x64.Build.0 = Debug|x64
		{5E381786-D80E-4D40-BB81-D0C397D7F34B}.Debug|x86.ActiveCfg = Debug|Win32
		{5E381786-D80E-4D40-BB81-D0C397D7F34B}.Debug|x86.Build.0 = Debug|Win32
		{5E381786-D80E-4D40-BB81-D0C397D7F34B}.Release|x64.ActiveCfg = Release|x64
		{5E381786-D80E-4D40-BB81-D0C397D7F34B}.Release|x64.Build.0 = Release|x64
		{5E381786-D80E-4D40-BB81-D0C397D7F34B}.Release|x86.ActiveCfg = Release|Win32
		{5E381786-D80E-4D40-BB81-D0C397D7F34B}.Release|x86.Build.0 = Release|Win32
		{B1F09046-A87E-4075-AC28-ECCD95C4DBAC}.Debug|x64.ActiveCfg = Debug|x64
		{B1F09046-A87E-4075-AC28-ECCD95C4DBAC}.Debug|x64.Build.0 = Debug|x64
		{B1F09046-A87E-4075-AC28-ECCD95C4DBAC}.Debug|x86.ActiveCfg = Debug|Win32
		{B1F09046-A87E-4075-AC28-ECCD95C4DBAC}.Debug|x86.Build.0 = Debug|Win32
		{B1F09046-A87E-4075-AC28-ECCD95C4DBAC}.Release|x64.ActiveCfg = Release|x64
		{B1F09046-A87E-4075-AC28-ECCD95C4DBAC}.Release|x64.Build.0 = Release|x64
		{B1F09046-A87E-4075-AC28-ECCD95C4DBAC}.Release|x86.ActiveCfg = Release|Win32
		{B1F09046-A87E-4075-AC28-ECCD95C4DBAC}.Release|x86.Build.0 = Release|Win32
	EndGlobalSection
	GlobalSection(SolutionProperties) = preSolution
		HideSolutionNode = FALSE
	EndGlobalSection
	GlobalSection(ExtensibilityGlobals) = postSolution
		SolutionGuid = {22EF0B63-61A7-40D0-8587-F934039DD68A}
	EndGlobalSection
EndGlobal
